
Microsoft Visual Studio Solution File, Format Version 12.00
# Visual Studio 15
VisualStudioVersion = 15.0.27004.2009
MinimumVisualStudioVersion = 10.0.40219.1
Project("{FAE04EC0-301F-11D3-BF4B-00C04F79EFBC}") = "Basis", "Basis\Basis.csproj", "{81E80A3E-8A6C-45AA-AFA6-9B8285A06CA4}"
EndProject
Global
	GlobalSection(SolutionConfigurationPlatforms) = preSolution
		Debug|Any CPU = Debug|Any CPU
		Release|Any CPU = Release|Any CPU
	EndGlobalSection
	GlobalSection(ProjectConfigurationPlatforms) = postSolution
		{81E80A3E-8A6C-45AA-AFA6-9B8285A06CA4}.Debug|Any CPU.ActiveCfg = Debug|Any CPU
		{81E80A3E-8A6C-45AA-AFA6-9B8285A06CA4}.Debug|Any CPU.Build.0 = Debug|Any CPU
		{81E80A3E-8A6C-45AA-AFA6-9B8285A06CA4}.Release|Any CPU.ActiveCfg = Release|Any CPU
		{81E80A3E-8A6C-45AA-AFA6-9B8285A06CA4}.Release|Any CPU.Build.0 = Release|Any CPU
	EndGlobalSection
	GlobalSection(SolutionProperties) = preSolution
		HideSolutionNode = FALSE
	EndGlobalSection
	GlobalSection(ExtensibilityGlobals) = postSolution
		SolutionGuid = {56C37E6A-71AB-40BE-8C02-37452C0EA60D}
	EndGlobalSection
EndGlobal
